
Microsoft Visual Studio Solution File, Format Version 12.00
# Visual Studio Version 17
VisualStudioVersion = 17.10.35122.118
MinimumVisualStudioVersion = 10.0.40219.1
Project("{FAE04EC0-301F-11D3-BF4B-00C04F79EFBC}") = "LearnASPNET", "LearnASPNET\LearnASPNET.csproj", "{BB29DE5F-D156-4D53-9ED6-A10650CC3773}"
EndProject
Global
	GlobalSection(SolutionConfigurationPlatforms) = preSolution
		Debug|Any CPU = Debug|Any CPU
		Release|Any CPU = Release|Any CPU
	EndGlobalSection
	GlobalSection(ProjectConfigurationPlatforms) = postSolution
		{BB29DE5F-D156-4D53-9ED6-A10650CC3773}.Debug|Any CPU.ActiveCfg = Debug|Any CPU
		{BB29DE5F-D156-4D53-9ED6-A10650CC3773}.Debug|Any CPU.Build.0 = Debug|Any CPU
		{BB29DE5F-D156-4D53-9ED6-A10650CC3773}.Release|Any CPU.ActiveCfg = Release|Any CPU
		{BB29DE5F-D156-4D53-9ED6-A10650CC3773}.Release|Any CPU.Build.0 = Release|Any CPU
	EndGlobalSection
	GlobalSection(SolutionProperties) = preSolution
		HideSolutionNode = FALSE
	EndGlobalSection
	GlobalSection(ExtensibilityGlobals) = postSolution
		SolutionGuid = {408CF3F9-D07B-49D9-BFC9-A5EA96C81ACB}
	EndGlobalSection
EndGlobal
