
Microsoft Visual Studio Solution File, Format Version 12.00
# Visual Studio Version 17
VisualStudioVersion = 17.10.35122.118
MinimumVisualStudioVersion = 10.0.40219.1
Project("{FAE04EC0-301F-11D3-BF4B-00C04F79EFBC}") = "LearnASPNETMVC", "LearnASPNETMVC\LearnASPNETMVC.csproj", "{84A1D60F-B542-441A-8CDA-46BDB0DF9AC1}"
EndProject
Project("{FAE04EC0-301F-11D3-BF4B-00C04F79EFBC}") = "LearnASPNETMVC.WebApi", "LearnASPNETMVC.WebApi\LearnASPNETMVC.WebApi.csproj", "{044AC52C-716C-407F-BA5B-A1BC84F4102C}"
EndProject
Project("{FAE04EC0-301F-11D3-BF4B-00C04F79EFBC}") = "BookStore", "BookStore\BookStore.csproj", "{01E5A8C0-58C2-4A9C-A519-2A958DC32343}"
EndProject
Global
	GlobalSection(SolutionConfigurationPlatforms) = preSolution
		Debug|Any CPU = Debug|Any CPU
		Release|Any CPU = Release|Any CPU
	EndGlobalSection
	GlobalSection(ProjectConfigurationPlatforms) = postSolution
		{84A1D60F-B542-441A-8CDA-46BDB0DF9AC1}.Debug|Any CPU.ActiveCfg = Debug|Any CPU
		{84A1D60F-B542-441A-8CDA-46BDB0DF9AC1}.Debug|Any CPU.Build.0 = Debug|Any CPU
		{84A1D60F-B542-441A-8CDA-46BDB0DF9AC1}.Release|Any CPU.ActiveCfg = Release|Any CPU
		{84A1D60F-B542-441A-8CDA-46BDB0DF9AC1}.Release|Any CPU.Build.0 = Release|Any CPU
		{044AC52C-716C-407F-BA5B-A1BC84F4102C}.Debug|Any CPU.ActiveCfg = Debug|Any CPU
		{044AC52C-716C-407F-BA5B-A1BC84F4102C}.Debug|Any CPU.Build.0 = Debug|Any CPU
		{044AC52C-716C-407F-BA5B-A1BC84F4102C}.Release|Any CPU.ActiveCfg = Release|Any CPU
		{044AC52C-716C-407F-BA5B-A1BC84F4102C}.Release|Any CPU.Build.0 = Release|Any CPU
		{01E5A8C0-58C2-4A9C-A519-2A958DC32343}.Debug|Any CPU.ActiveCfg = Debug|Any CPU
		{01E5A8C0-58C2-4A9C-A519-2A958DC32343}.Debug|Any CPU.Build.0 = Debug|Any CPU
		{01E5A8C0-58C2-4A9C-A519-2A958DC32343}.Release|Any CPU.ActiveCfg = Release|Any CPU
		{01E5A8C0-58C2-4A9C-A519-2A958DC32343}.Release|Any CPU.Build.0 = Release|Any CPU
	EndGlobalSection
	GlobalSection(SolutionProperties) = preSolution
		HideSolutionNode = FALSE
	EndGlobalSection
	GlobalSection(ExtensibilityGlobals) = postSolution
		SolutionGuid = {A97A75F5-9A3B-46E0-9445-D6E27B2A2E46}
	EndGlobalSection
EndGlobal
